// !$*UTF8*$!
{
	archiveVersion = 1;
	classes = {
	};
	objectVersion = 46;
	objects = {

/* Begin PBXBuildFile section */
		5F19CE9D1623C25100F033A1 /* LICENSE in Resources */ = {isa = PBXBuildFile; fileRef = 5F19CE9B1623C25100F033A1 /* LICENSE */; };
		5F19CE9E1623C25100F033A1 /* README.md in Resources */ = {isa = PBXBuildFile; fileRef = 5F19CE9C1623C25100F033A1 /* README.md */; };
		5F19CF441623C53200F033A1 /* .gitignore in Resources */ = {isa = PBXBuildFile; fileRef = 5F19CEA51623C53100F033A1 /* .gitignore */; };
		5F19CF451623C53200F033A1 /* DTCoreText-Info.plist in Resources */ = {isa = PBXBuildFile; fileRef = 5F19CEA71623C53100F033A1 /* DTCoreText-Info.plist */; };
		5F19CF461623C53200F033A1 /* CGUtils.m in Sources */ = {isa = PBXBuildFile; fileRef = 5F19CEAB1623C53100F033A1 /* CGUtils.m */; };
		5F19CF471623C53200F033A1 /* default.css in Resources */ = {isa = PBXBuildFile; fileRef = 5F19CEAC1623C53100F033A1 /* default.css */; };
		5F19CF481623C53200F033A1 /* default.css.c in Sources */ = {isa = PBXBuildFile; fileRef = 5F19CEAD1623C53100F033A1 /* default.css.c */; };
		5F19CF491623C53200F033A1 /* DTAttributedTextCell.m in Sources */ = {isa = PBXBuildFile; fileRef = 5F19CEAF1623C53100F033A1 /* DTAttributedTextCell.m */; };
		5F19CF4A1623C53200F033A1 /* DTAttributedTextContentView.m in Sources */ = {isa = PBXBuildFile; fileRef = 5F19CEB11623C53100F033A1 /* DTAttributedTextContentView.m */; };
		5F19CF4B1623C53200F033A1 /* DTAttributedTextView.m in Sources */ = {isa = PBXBuildFile; fileRef = 5F19CEB31623C53100F033A1 /* DTAttributedTextView.m */; };
		5F19CF4C1623C53200F033A1 /* DTColor+HTML.m in Sources */ = {isa = PBXBuildFile; fileRef = 5F19CEB51623C53100F033A1 /* DTColor+HTML.m */; };
		5F19CF4D1623C53200F033A1 /* DTCoreTextConstants.m in Sources */ = {isa = PBXBuildFile; fileRef = 5F19CEB91623C53100F033A1 /* DTCoreTextConstants.m */; };
		5F19CF4E1623C53200F033A1 /* DTCoreTextFontCollection.m in Sources */ = {isa = PBXBuildFile; fileRef = 5F19CEBB1623C53100F033A1 /* DTCoreTextFontCollection.m */; };
		5F19CF4F1623C53200F033A1 /* DTCoreTextFontDescriptor.m in Sources */ = {isa = PBXBuildFile; fileRef = 5F19CEBD1623C53100F033A1 /* DTCoreTextFontDescriptor.m */; };
		5F19CF501623C53200F033A1 /* DTCoreTextGlyphRun.m in Sources */ = {isa = PBXBuildFile; fileRef = 5F19CEBF1623C53100F033A1 /* DTCoreTextGlyphRun.m */; };
		5F19CF511623C53200F033A1 /* DTCoreTextLayouter.m in Sources */ = {isa = PBXBuildFile; fileRef = 5F19CEC11623C53100F033A1 /* DTCoreTextLayouter.m */; };
		5F19CF521623C53200F033A1 /* DTCoreTextLayoutFrame.m in Sources */ = {isa = PBXBuildFile; fileRef = 5F19CEC31623C53100F033A1 /* DTCoreTextLayoutFrame.m */; };
		5F19CF531623C53200F033A1 /* DTCoreTextLayoutLine.m in Sources */ = {isa = PBXBuildFile; fileRef = 5F19CEC51623C53100F033A1 /* DTCoreTextLayoutLine.m */; };
		5F19CF541623C53200F033A1 /* DTCoreTextParagraphStyle.m in Sources */ = {isa = PBXBuildFile; fileRef = 5F19CEC71623C53100F033A1 /* DTCoreTextParagraphStyle.m */; };
		5F19CF551623C53200F033A1 /* DTCSSListStyle.m in Sources */ = {isa = PBXBuildFile; fileRef = 5F19CEC91623C53100F033A1 /* DTCSSListStyle.m */; };
		5F19CF561623C53200F033A1 /* DTCSSStylesheet.m in Sources */ = {isa = PBXBuildFile; fileRef = 5F19CECB1623C53100F033A1 /* DTCSSStylesheet.m */; };
		5F19CF571623C53200F033A1 /* DTHTMLAttributedStringBuilder.m in Sources */ = {isa = PBXBuildFile; fileRef = 5F19CECD1623C53100F033A1 /* DTHTMLAttributedStringBuilder.m */; };
		5F19CF581623C53200F033A1 /* DTHTMLElement.m in Sources */ = {isa = PBXBuildFile; fileRef = 5F19CECF1623C53100F033A1 /* DTHTMLElement.m */; };
		5F19CF5A1623C53200F033A1 /* DTImage+HTML.m in Sources */ = {isa = PBXBuildFile; fileRef = 5F19CED31623C53100F033A1 /* DTImage+HTML.m */; };
		5F19CF5B1623C53200F033A1 /* DTLazyImageView.m in Sources */ = {isa = PBXBuildFile; fileRef = 5F19CED51623C53100F033A1 /* DTLazyImageView.m */; };
		5F19CF5C1623C53200F033A1 /* DTLinkButton.m in Sources */ = {isa = PBXBuildFile; fileRef = 5F19CED71623C53100F033A1 /* DTLinkButton.m */; };
		5F19CF5D1623C53200F033A1 /* DTTextAttachment.m in Sources */ = {isa = PBXBuildFile; fileRef = 5F19CED91623C53100F033A1 /* DTTextAttachment.m */; };
		5F19CF5E1623C53200F033A1 /* DTTextBlock.m in Sources */ = {isa = PBXBuildFile; fileRef = 5F19CEDB1623C53100F033A1 /* DTTextBlock.m */; };
		5F19CF5F1623C53200F033A1 /* DTWebVideoView.m in Sources */ = {isa = PBXBuildFile; fileRef = 5F19CEDD1623C53100F033A1 /* DTWebVideoView.m */; };
		5F19CF601623C53200F033A1 /* NSAttributedString+DTCoreText.m in Sources */ = {isa = PBXBuildFile; fileRef = 5F19CEDF1623C53100F033A1 /* NSAttributedString+DTCoreText.m */; };
		5F19CF611623C53200F033A1 /* NSAttributedString+HTML.m in Sources */ = {isa = PBXBuildFile; fileRef = 5F19CEE11623C53100F033A1 /* NSAttributedString+HTML.m */; };
		5F19CF621623C53200F033A1 /* NSAttributedString+SmallCaps.m in Sources */ = {isa = PBXBuildFile; fileRef = 5F19CEE31623C53100F033A1 /* NSAttributedString+SmallCaps.m */; };
		5F19CF631623C53200F033A1 /* NSAttributedStringRunDelegates.m in Sources */ = {isa = PBXBuildFile; fileRef = 5F19CEE51623C53100F033A1 /* NSAttributedStringRunDelegates.m */; };
		5F19CF641623C53200F033A1 /* NSCharacterSet+HTML.m in Sources */ = {isa = PBXBuildFile; fileRef = 5F19CEE71623C53100F033A1 /* NSCharacterSet+HTML.m */; };
		5F19CF651623C53200F033A1 /* NSData+DTBase64.m in Sources */ = {isa = PBXBuildFile; fileRef = 5F19CEE91623C53100F033A1 /* NSData+DTBase64.m */; };
		5F19CF661623C53200F033A1 /* NSMutableAttributedString+HTML.m in Sources */ = {isa = PBXBuildFile; fileRef = 5F19CEEB1623C53100F033A1 /* NSMutableAttributedString+HTML.m */; };
		5F19CF671623C53200F033A1 /* NSMutableString+HTML.m in Sources */ = {isa = PBXBuildFile; fileRef = 5F19CEED1623C53100F033A1 /* NSMutableString+HTML.m */; };
		5F19CF681623C53200F033A1 /* NSScanner+HTML.m in Sources */ = {isa = PBXBuildFile; fileRef = 5F19CEEF1623C53100F033A1 /* NSScanner+HTML.m */; };
		5F19CF691623C53200F033A1 /* NSString+CSS.m in Sources */ = {isa = PBXBuildFile; fileRef = 5F19CEF11623C53100F033A1 /* NSString+CSS.m */; };
		5F19CF6A1623C53200F033A1 /* NSString+HTML.m in Sources */ = {isa = PBXBuildFile; fileRef = 5F19CEF31623C53100F033A1 /* NSString+HTML.m */; };
		5F19CF6B1623C53200F033A1 /* NSString+Paragraphs.m in Sources */ = {isa = PBXBuildFile; fileRef = 5F19CEF51623C53100F033A1 /* NSString+Paragraphs.m */; };
		5F19CF6C1623C53200F033A1 /* NSString+UTF8Cleaner.m in Sources */ = {isa = PBXBuildFile; fileRef = 5F19CEF71623C53100F033A1 /* NSString+UTF8Cleaner.m */; };
		5F19CF6D1623C53200F033A1 /* UIDevice+DTSimpleVersion.m in Sources */ = {isa = PBXBuildFile; fileRef = 5F19CEF91623C53100F033A1 /* UIDevice+DTSimpleVersion.m */; };
		5F19CF9E1623C53200F033A1 /* LICENSE in Resources */ = {isa = PBXBuildFile; fileRef = 5F19CF3E1623C53100F033A1 /* LICENSE */; };
		5F19CF9F1623C53200F033A1 /* Readme.markdown in Resources */ = {isa = PBXBuildFile; fileRef = 5F19CF3F1623C53100F033A1 /* Readme.markdown */; };
		5F19D0F21623C57100F033A1 /* .gitignore in Resources */ = {isa = PBXBuildFile; fileRef = 5F19D07B1623C57100F033A1 /* .gitignore */; };
		5F19D0FB1623C57100F033A1 /* DTHTMLParser.m in Sources */ = {isa = PBXBuildFile; fileRef = 5F19D0901623C57100F033A1 /* DTHTMLParser.m */; };
		5F19D1211623C57100F033A1 /* LICENSE in Resources */ = {isa = PBXBuildFile; fileRef = 5F19D0E11623C57100F033A1 /* LICENSE */; };
		5F19D1221623C57100F033A1 /* readme.markdown in Resources */ = {isa = PBXBuildFile; fileRef = 5F19D0E21623C57100F033A1 /* readme.markdown */; };
		5F22BE5A1622A60900118B0E /* btn_person_item_on.png in Resources */ = {isa = PBXBuildFile; fileRef = 5F22BE581622A60900118B0E /* btn_person_item_on.png */; };
		5F22BE5B1622A60900118B0E /* btn_person_item.png in Resources */ = {isa = PBXBuildFile; fileRef = 5F22BE591622A60900118B0E /* btn_person_item.png */; };
		5F22BE5D1622A65300118B0E /* items.plist in Resources */ = {isa = PBXBuildFile; fileRef = 5F22BE5C1622A65300118B0E /* items.plist */; };
		5F2885CD16154F9900AD76C8 /* MTTextFieldCursor.m in Sources */ = {isa = PBXBuildFile; fileRef = 5F2885CC16154F9900AD76C8 /* MTTextFieldCursor.m */; };
		5F2885DC1615A24F00AD76C8 /* MTTextObject.m in Sources */ = {isa = PBXBuildFile; fileRef = 5F2885DB1615A24F00AD76C8 /* MTTextObject.m */; };
		5FE23063161428F000CF029D /* UIKit.framework in Frameworks */ = {isa = PBXBuildFile; fileRef = 5FE23062161428F000CF029D /* UIKit.framework */; };
		5FE23065161428F000CF029D /* Foundation.framework in Frameworks */ = {isa = PBXBuildFile; fileRef = 5FE23064161428F000CF029D /* Foundation.framework */; };
		5FE23067161428F000CF029D /* CoreGraphics.framework in Frameworks */ = {isa = PBXBuildFile; fileRef = 5FE23066161428F000CF029D /* CoreGraphics.framework */; };
		5FE2306D161428F000CF029D /* InfoPlist.strings in Resources */ = {isa = PBXBuildFile; fileRef = 5FE2306B161428F000CF029D /* InfoPlist.strings */; };
		5FE2306F161428F000CF029D /* main.m in Sources */ = {isa = PBXBuildFile; fileRef = 5FE2306E161428F000CF029D /* main.m */; };
		5FE23073161428F000CF029D /* AppDelegate.m in Sources */ = {isa = PBXBuildFile; fileRef = 5FE23072161428F000CF029D /* AppDelegate.m */; };
		5FE23075161428F000CF029D /* Default.png in Resources */ = {isa = PBXBuildFile; fileRef = 5FE23074161428F000CF029D /* Default.png */; };
		5FE23077161428F000CF029D /* Default@2x.png in Resources */ = {isa = PBXBuildFile; fileRef = 5FE23076161428F000CF029D /* Default@2x.png */; };
		5FE23079161428F000CF029D /* Default-568h@2x.png in Resources */ = {isa = PBXBuildFile; fileRef = 5FE23078161428F000CF029D /* Default-568h@2x.png */; };
		5FE2307C161428F000CF029D /* ViewController.m in Sources */ = {isa = PBXBuildFile; fileRef = 5FE2307B161428F000CF029D /* ViewController.m */; };
		5FE2307F161428F000CF029D /* ViewController.xib in Resources */ = {isa = PBXBuildFile; fileRef = 5FE2307D161428F000CF029D /* ViewController.xib */; };
		5FE231CC1614299900CF029D /* MTTextField.m in Sources */ = {isa = PBXBuildFile; fileRef = 5FE231CB1614299900CF029D /* MTTextField.m */; };
		5FE231D216143EAD00CF029D /* CoreText.framework in Frameworks */ = {isa = PBXBuildFile; fileRef = 5FE231D116143EAC00CF029D /* CoreText.framework */; };
		5FE231D716143F0300CF029D /* QuartzCore.framework in Frameworks */ = {isa = PBXBuildFile; fileRef = 5FE231D616143F0300CF029D /* QuartzCore.framework */; };
		5FE231D916143F2E00CF029D /* ImageIO.framework in Frameworks */ = {isa = PBXBuildFile; fileRef = 5FE231D816143F2D00CF029D /* ImageIO.framework */; };
		5FE231DB16143F6200CF029D /* libxml2.dylib in Frameworks */ = {isa = PBXBuildFile; fileRef = 5FE231DA16143F6200CF029D /* libxml2.dylib */; };
/* End PBXBuildFile section */

/* Begin PBXFileReference section */
		5F19CE9B1623C25100F033A1 /* LICENSE */ = {isa = PBXFileReference; fileEncoding = 4; lastKnownFileType = text; path = LICENSE; sourceTree = "<group>"; };
		5F19CE9C1623C25100F033A1 /* README.md */ = {isa = PBXFileReference; fileEncoding = 4; lastKnownFileType = text; path = README.md; sourceTree = "<group>"; };
		5F19CEA51623C53100F033A1 /* .gitignore */ = {isa = PBXFileReference; fileEncoding = 4; lastKnownFileType = text; path = .gitignore; sourceTree = "<group>"; };
		5F19CEA71623C53100F033A1 /* DTCoreText-Info.plist */ = {isa = PBXFileReference; fileEncoding = 4; lastKnownFileType = text.plist.xml; path = "DTCoreText-Info.plist"; sourceTree = "<group>"; };
		5F19CEAA1623C53100F033A1 /* CGUtils.h */ = {isa = PBXFileReference; fileEncoding = 4; lastKnownFileType = sourcecode.c.h; path = CGUtils.h; sourceTree = "<group>"; };
		5F19CEAB1623C53100F033A1 /* CGUtils.m */ = {isa = PBXFileReference; fileEncoding = 4; lastKnownFileType = sourcecode.c.objc; path = CGUtils.m; sourceTree = "<group>"; };
		5F19CEAC1623C53100F033A1 /* default.css */ = {isa = PBXFileReference; fileEncoding = 4; lastKnownFileType = text.css; path = default.css; sourceTree = "<group>"; };
		5F19CEAD1623C53100F033A1 /* default.css.c */ = {isa = PBXFileReference; fileEncoding = 4; lastKnownFileType = sourcecode.c.c; path = default.css.c; sourceTree = "<group>"; };
		5F19CEAE1623C53100F033A1 /* DTAttributedTextCell.h */ = {isa = PBXFileReference; fileEncoding = 4; lastKnownFileType = sourcecode.c.h; path = DTAttributedTextCell.h; sourceTree = "<group>"; };
		5F19CEAF1623C53100F033A1 /* DTAttributedTextCell.m */ = {isa = PBXFileReference; fileEncoding = 4; lastKnownFileType = sourcecode.c.objc; path = DTAttributedTextCell.m; sourceTree = "<group>"; };
		5F19CEB01623C53100F033A1 /* DTAttributedTextContentView.h */ = {isa = PBXFileReference; fileEncoding = 4; lastKnownFileType = sourcecode.c.h; path = DTAttributedTextContentView.h; sourceTree = "<group>"; };
		5F19CEB11623C53100F033A1 /* DTAttributedTextContentView.m */ = {isa = PBXFileReference; fileEncoding = 4; lastKnownFileType = sourcecode.c.objc; path = DTAttributedTextContentView.m; sourceTree = "<group>"; };
		5F19CEB21623C53100F033A1 /* DTAttributedTextView.h */ = {isa = PBXFileReference; fileEncoding = 4; lastKnownFileType = sourcecode.c.h; path = DTAttributedTextView.h; sourceTree = "<group>"; };
		5F19CEB31623C53100F033A1 /* DTAttributedTextView.m */ = {isa = PBXFileReference; fileEncoding = 4; lastKnownFileType = sourcecode.c.objc; path = DTAttributedTextView.m; sourceTree = "<group>"; };
		5F19CEB41623C53100F033A1 /* DTColor+HTML.h */ = {isa = PBXFileReference; fileEncoding = 4; lastKnownFileType = sourcecode.c.h; path = "DTColor+HTML.h"; sourceTree = "<group>"; };
		5F19CEB51623C53100F033A1 /* DTColor+HTML.m */ = {isa = PBXFileReference; fileEncoding = 4; lastKnownFileType = sourcecode.c.objc; path = "DTColor+HTML.m"; sourceTree = "<group>"; };
		5F19CEB61623C53100F033A1 /* DTCompatibility.h */ = {isa = PBXFileReference; fileEncoding = 4; lastKnownFileType = sourcecode.c.h; path = DTCompatibility.h; sourceTree = "<group>"; };
		5F19CEB71623C53100F033A1 /* DTCoreText.h */ = {isa = PBXFileReference; fileEncoding = 4; lastKnownFileType = sourcecode.c.h; path = DTCoreText.h; sourceTree = "<group>"; };
		5F19CEB81623C53100F033A1 /* DTCoreTextConstants.h */ = {isa = PBXFileReference; fileEncoding = 4; lastKnownFileType = sourcecode.c.h; path = DTCoreTextConstants.h; sourceTree = "<group>"; };
		5F19CEB91623C53100F033A1 /* DTCoreTextConstants.m */ = {isa = PBXFileReference; fileEncoding = 4; lastKnownFileType = sourcecode.c.objc; path = DTCoreTextConstants.m; sourceTree = "<group>"; };
		5F19CEBA1623C53100F033A1 /* DTCoreTextFontCollection.h */ = {isa = PBXFileReference; fileEncoding = 4; lastKnownFileType = sourcecode.c.h; path = DTCoreTextFontCollection.h; sourceTree = "<group>"; };
		5F19CEBB1623C53100F033A1 /* DTCoreTextFontCollection.m */ = {isa = PBXFileReference; fileEncoding = 4; lastKnownFileType = sourcecode.c.objc; path = DTCoreTextFontCollection.m; sourceTree = "<group>"; };
		5F19CEBC1623C53100F033A1 /* DTCoreTextFontDescriptor.h */ = {isa = PBXFileReference; fileEncoding = 4; lastKnownFileType = sourcecode.c.h; path = DTCoreTextFontDescriptor.h; sourceTree = "<group>"; };
		5F19CEBD1623C53100F033A1 /* DTCoreTextFontDescriptor.m */ = {isa = PBXFileReference; fileEncoding = 4; lastKnownFileType = sourcecode.c.objc; path = DTCoreTextFontDescriptor.m; sourceTree = "<group>"; };
		5F19CEBE1623C53100F033A1 /* DTCoreTextGlyphRun.h */ = {isa = PBXFileReference; fileEncoding = 4; lastKnownFileType = sourcecode.c.h; path = DTCoreTextGlyphRun.h; sourceTree = "<group>"; };
		5F19CEBF1623C53100F033A1 /* DTCoreTextGlyphRun.m */ = {isa = PBXFileReference; fileEncoding = 4; lastKnownFileType = sourcecode.c.objc; path = DTCoreTextGlyphRun.m; sourceTree = "<group>"; };
		5F19CEC01623C53100F033A1 /* DTCoreTextLayouter.h */ = {isa = PBXFileReference; fileEncoding = 4; lastKnownFileType = sourcecode.c.h; path = DTCoreTextLayouter.h; sourceTree = "<group>"; };
		5F19CEC11623C53100F033A1 /* DTCoreTextLayouter.m */ = {isa = PBXFileReference; fileEncoding = 4; lastKnownFileType = sourcecode.c.objc; path = DTCoreTextLayouter.m; sourceTree = "<group>"; };
		5F19CEC21623C53100F033A1 /* DTCoreTextLayoutFrame.h */ = {isa = PBXFileReference; fileEncoding = 4; lastKnownFileType = sourcecode.c.h; path = DTCoreTextLayoutFrame.h; sourceTree = "<group>"; };
		5F19CEC31623C53100F033A1 /* DTCoreTextLayoutFrame.m */ = {isa = PBXFileReference; fileEncoding = 4; lastKnownFileType = sourcecode.c.objc; path = DTCoreTextLayoutFrame.m; sourceTree = "<group>"; };
		5F19CEC41623C53100F033A1 /* DTCoreTextLayoutLine.h */ = {isa = PBXFileReference; fileEncoding = 4; lastKnownFileType = sourcecode.c.h; path = DTCoreTextLayoutLine.h; sourceTree = "<group>"; };
		5F19CEC51623C53100F033A1 /* DTCoreTextLayoutLine.m */ = {isa = PBXFileReference; fileEncoding = 4; lastKnownFileType = sourcecode.c.objc; path = DTCoreTextLayoutLine.m; sourceTree = "<group>"; };
		5F19CEC61623C53100F033A1 /* DTCoreTextParagraphStyle.h */ = {isa = PBXFileReference; fileEncoding = 4; lastKnownFileType = sourcecode.c.h; path = DTCoreTextParagraphStyle.h; sourceTree = "<group>"; };
		5F19CEC71623C53100F033A1 /* DTCoreTextParagraphStyle.m */ = {isa = PBXFileReference; fileEncoding = 4; lastKnownFileType = sourcecode.c.objc; path = DTCoreTextParagraphStyle.m; sourceTree = "<group>"; };
		5F19CEC81623C53100F033A1 /* DTCSSListStyle.h */ = {isa = PBXFileReference; fileEncoding = 4; lastKnownFileType = sourcecode.c.h; path = DTCSSListStyle.h; sourceTree = "<group>"; };
		5F19CEC91623C53100F033A1 /* DTCSSListStyle.m */ = {isa = PBXFileReference; fileEncoding = 4; lastKnownFileType = sourcecode.c.objc; path = DTCSSListStyle.m; sourceTree = "<group>"; };
		5F19CECA1623C53100F033A1 /* DTCSSStylesheet.h */ = {isa = PBXFileReference; fileEncoding = 4; lastKnownFileType = sourcecode.c.h; path = DTCSSStylesheet.h; sourceTree = "<group>"; };
		5F19CECB1623C53100F033A1 /* DTCSSStylesheet.m */ = {isa = PBXFileReference; fileEncoding = 4; lastKnownFileType = sourcecode.c.objc; path = DTCSSStylesheet.m; sourceTree = "<group>"; };
		5F19CECC1623C53100F033A1 /* DTHTMLAttributedStringBuilder.h */ = {isa = PBXFileReference; fileEncoding = 4; lastKnownFileType = sourcecode.c.h; path = DTHTMLAttributedStringBuilder.h; sourceTree = "<group>"; };
		5F19CECD1623C53100F033A1 /* DTHTMLAttributedStringBuilder.m */ = {isa = PBXFileReference; fileEncoding = 4; lastKnownFileType = sourcecode.c.objc; path = DTHTMLAttributedStringBuilder.m; sourceTree = "<group>"; };
		5F19CECE1623C53100F033A1 /* DTHTMLElement.h */ = {isa = PBXFileReference; fileEncoding = 4; lastKnownFileType = sourcecode.c.h; path = DTHTMLElement.h; sourceTree = "<group>"; };
		5F19CECF1623C53100F033A1 /* DTHTMLElement.m */ = {isa = PBXFileReference; fileEncoding = 4; lastKnownFileType = sourcecode.c.objc; path = DTHTMLElement.m; sourceTree = "<group>"; };
		5F19CED21623C53100F033A1 /* DTImage+HTML.h */ = {isa = PBXFileReference; fileEncoding = 4; lastKnownFileType = sourcecode.c.h; path = "DTImage+HTML.h"; sourceTree = "<group>"; };
		5F19CED31623C53100F033A1 /* DTImage+HTML.m */ = {isa = PBXFileReference; fileEncoding = 4; lastKnownFileType = sourcecode.c.objc; path = "DTImage+HTML.m"; sourceTree = "<group>"; };
		5F19CED41623C53100F033A1 /* DTLazyImageView.h */ = {isa = PBXFileReference; fileEncoding = 4; lastKnownFileType = sourcecode.c.h; path = DTLazyImageView.h; sourceTree = "<group>"; };
		5F19CED51623C53100F033A1 /* DTLazyImageView.m */ = {isa = PBXFileReference; fileEncoding = 4; lastKnownFileType = sourcecode.c.objc; path = DTLazyImageView.m; sourceTree = "<group>"; };
		5F19CED61623C53100F033A1 /* DTLinkButton.h */ = {isa = PBXFileReference; fileEncoding = 4; lastKnownFileType = sourcecode.c.h; path = DTLinkButton.h; sourceTree = "<group>"; };
		5F19CED71623C53100F033A1 /* DTLinkButton.m */ = {isa = PBXFileReference; fileEncoding = 4; lastKnownFileType = sourcecode.c.objc; path = DTLinkButton.m; sourceTree = "<group>"; };
		5F19CED81623C53100F033A1 /* DTTextAttachment.h */ = {isa = PBXFileReference; fileEncoding = 4; lastKnownFileType = sourcecode.c.h; path = DTTextAttachment.h; sourceTree = "<group>"; };
		5F19CED91623C53100F033A1 /* DTTextAttachment.m */ = {isa = PBXFileReference; fileEncoding = 4; lastKnownFileType = sourcecode.c.objc; path = DTTextAttachment.m; sourceTree = "<group>"; };
		5F19CEDA1623C53100F033A1 /* DTTextBlock.h */ = {isa = PBXFileReference; fileEncoding = 4; lastKnownFileType = sourcecode.c.h; path = DTTextBlock.h; sourceTree = "<group>"; };
		5F19CEDB1623C53100F033A1 /* DTTextBlock.m */ = {isa = PBXFileReference; fileEncoding = 4; lastKnownFileType = sourcecode.c.objc; path = DTTextBlock.m; sourceTree = "<group>"; };
		5F19CEDC1623C53100F033A1 /* DTWebVideoView.h */ = {isa = PBXFileReference; fileEncoding = 4; lastKnownFileType = sourcecode.c.h; path = DTWebVideoView.h; sourceTree = "<group>"; };
		5F19CEDD1623C53100F033A1 /* DTWebVideoView.m */ = {isa = PBXFileReference; fileEncoding = 4; lastKnownFileType = sourcecode.c.objc; path = DTWebVideoView.m; sourceTree = "<group>"; };
		5F19CEDE1623C53100F033A1 /* NSAttributedString+DTCoreText.h */ = {isa = PBXFileReference; fileEncoding = 4; lastKnownFileType = sourcecode.c.h; path = "NSAttributedString+DTCoreText.h"; sourceTree = "<group>"; };
		5F19CEDF1623C53100F033A1 /* NSAttributedString+DTCoreText.m */ = {isa = PBXFileReference; fileEncoding = 4; lastKnownFileType = sourcecode.c.objc; path = "NSAttributedString+DTCoreText.m"; sourceTree = "<group>"; };
		5F19CEE01623C53100F033A1 /* NSAttributedString+HTML.h */ = {isa = PBXFileReference; fileEncoding = 4; lastKnownFileType = sourcecode.c.h; path = "NSAttributedString+HTML.h"; sourceTree = "<group>"; };
		5F19CEE11623C53100F033A1 /* NSAttributedString+HTML.m */ = {isa = PBXFileReference; fileEncoding = 4; lastKnownFileType = sourcecode.c.objc; path = "NSAttributedString+HTML.m"; sourceTree = "<group>"; };
		5F19CEE21623C53100F033A1 /* NSAttributedString+SmallCaps.h */ = {isa = PBXFileReference; fileEncoding = 4; lastKnownFileType = sourcecode.c.h; path = "NSAttributedString+SmallCaps.h"; sourceTree = "<group>"; };
		5F19CEE31623C53100F033A1 /* NSAttributedString+SmallCaps.m */ = {isa = PBXFileReference; fileEncoding = 4; lastKnownFileType = sourcecode.c.objc; path = "NSAttributedString+SmallCaps.m"; sourceTree = "<group>"; };
		5F19CEE41623C53100F033A1 /* NSAttributedStringRunDelegates.h */ = {isa = PBXFileReference; fileEncoding = 4; lastKnownFileType = sourcecode.c.h; path = NSAttributedStringRunDelegates.h; sourceTree = "<group>"; };
		5F19CEE51623C53100F033A1 /* NSAttributedStringRunDelegates.m */ = {isa = PBXFileReference; fileEncoding = 4; lastKnownFileType = sourcecode.c.objc; path = NSAttributedStringRunDelegates.m; sourceTree = "<group>"; };
		5F19CEE61623C53100F033A1 /* NSCharacterSet+HTML.h */ = {isa = PBXFileReference; fileEncoding = 4; lastKnownFileType = sourcecode.c.h; path = "NSCharacterSet+HTML.h"; sourceTree = "<group>"; };
		5F19CEE71623C53100F033A1 /* NSCharacterSet+HTML.m */ = {isa = PBXFileReference; fileEncoding = 4; lastKnownFileType = sourcecode.c.objc; path = "NSCharacterSet+HTML.m"; sourceTree = "<group>"; };
		5F19CEE81623C53100F033A1 /* NSData+DTBase64.h */ = {isa = PBXFileReference; fileEncoding = 4; lastKnownFileType = sourcecode.c.h; path = "NSData+DTBase64.h"; sourceTree = "<group>"; };
		5F19CEE91623C53100F033A1 /* NSData+DTBase64.m */ = {isa = PBXFileReference; fileEncoding = 4; lastKnownFileType = sourcecode.c.objc; path = "NSData+DTBase64.m"; sourceTree = "<group>"; };
		5F19CEEA1623C53100F033A1 /* NSMutableAttributedString+HTML.h */ = {isa = PBXFileReference; fileEncoding = 4; lastKnownFileType = sourcecode.c.h; path = "NSMutableAttributedString+HTML.h"; sourceTree = "<group>"; };
		5F19CEEB1623C53100F033A1 /* NSMutableAttributedString+HTML.m */ = {isa = PBXFileReference; fileEncoding = 4; lastKnownFileType = sourcecode.c.objc; path = "NSMutableAttributedString+HTML.m"; sourceTree = "<group>"; };
		5F19CEEC1623C53100F033A1 /* NSMutableString+HTML.h */ = {isa = PBXFileReference; fileEncoding = 4; lastKnownFileType = sourcecode.c.h; path = "NSMutableString+HTML.h"; sourceTree = "<group>"; };
		5F19CEED1623C53100F033A1 /* NSMutableString+HTML.m */ = {isa = PBXFileReference; fileEncoding = 4; lastKnownFileType = sourcecode.c.objc; path = "NSMutableString+HTML.m"; sourceTree = "<group>"; };
		5F19CEEE1623C53100F033A1 /* NSScanner+HTML.h */ = {isa = PBXFileReference; fileEncoding = 4; lastKnownFileType = sourcecode.c.h; path = "NSScanner+HTML.h"; sourceTree = "<group>"; };
		5F19CEEF1623C53100F033A1 /* NSScanner+HTML.m */ = {isa = PBXFileReference; fileEncoding = 4; lastKnownFileType = sourcecode.c.objc; path = "NSScanner+HTML.m"; sourceTree = "<group>"; };
		5F19CEF01623C53100F033A1 /* NSString+CSS.h */ = {isa = PBXFileReference; fileEncoding = 4; lastKnownFileType = sourcecode.c.h; path = "NSString+CSS.h"; sourceTree = "<group>"; };
		5F19CEF11623C53100F033A1 /* NSString+CSS.m */ = {isa = PBXFileReference; fileEncoding = 4; lastKnownFileType = sourcecode.c.objc; path = "NSString+CSS.m"; sourceTree = "<group>"; };
		5F19CEF21623C53100F033A1 /* NSString+HTML.h */ = {isa = PBXFileReference; fileEncoding = 4; lastKnownFileType = sourcecode.c.h; path = "NSString+HTML.h"; sourceTree = "<group>"; };
		5F19CEF31623C53100F033A1 /* NSString+HTML.m */ = {isa = PBXFileReference; fileEncoding = 4; lastKnownFileType = sourcecode.c.objc; path = "NSString+HTML.m"; sourceTree = "<group>"; };
		5F19CEF41623C53100F033A1 /* NSString+Paragraphs.h */ = {isa = PBXFileReference; fileEncoding = 4; lastKnownFileType = sourcecode.c.h; path = "NSString+Paragraphs.h"; sourceTree = "<group>"; };
		5F19CEF51623C53100F033A1 /* NSString+Paragraphs.m */ = {isa = PBXFileReference; fileEncoding = 4; lastKnownFileType = sourcecode.c.objc; path = "NSString+Paragraphs.m"; sourceTree = "<group>"; };
		5F19CEF61623C53100F033A1 /* NSString+UTF8Cleaner.h */ = {isa = PBXFileReference; fileEncoding = 4; lastKnownFileType = sourcecode.c.h; path = "NSString+UTF8Cleaner.h"; sourceTree = "<group>"; };
		5F19CEF71623C53100F033A1 /* NSString+UTF8Cleaner.m */ = {isa = PBXFileReference; fileEncoding = 4; lastKnownFileType = sourcecode.c.objc; path = "NSString+UTF8Cleaner.m"; sourceTree = "<group>"; };
		5F19CEF81623C53100F033A1 /* UIDevice+DTSimpleVersion.h */ = {isa = PBXFileReference; fileEncoding = 4; lastKnownFileType = sourcecode.c.h; path = "UIDevice+DTSimpleVersion.h"; sourceTree = "<group>"; };
		5F19CEF91623C53100F033A1 /* UIDevice+DTSimpleVersion.m */ = {isa = PBXFileReference; fileEncoding = 4; lastKnownFileType = sourcecode.c.objc; path = "UIDevice+DTSimpleVersion.m"; sourceTree = "<group>"; };
		5F19CF3E1623C53100F033A1 /* LICENSE */ = {isa = PBXFileReference; fileEncoding = 4; lastKnownFileType = text; path = LICENSE; sourceTree = "<group>"; };
		5F19CF3F1623C53100F033A1 /* Readme.markdown */ = {isa = PBXFileReference; fileEncoding = 4; lastKnownFileType = text; path = Readme.markdown; sourceTree = "<group>"; };
		5F19D07B1623C57100F033A1 /* .gitignore */ = {isa = PBXFileReference; fileEncoding = 4; lastKnownFileType = text; path = .gitignore; sourceTree = "<group>"; };
		5F19D07F1623C57100F033A1 /* DTFoundation.h */ = {isa = PBXFileReference; fileEncoding = 4; lastKnownFileType = sourcecode.c.h; path = DTFoundation.h; sourceTree = "<group>"; };
		5F19D08F1623C57100F033A1 /* DTHTMLParser.h */ = {isa = PBXFileReference; fileEncoding = 4; lastKnownFileType = sourcecode.c.h; path = DTHTMLParser.h; sourceTree = "<group>"; };
		5F19D0901623C57100F033A1 /* DTHTMLParser.m */ = {isa = PBXFileReference; fileEncoding = 4; lastKnownFileType = sourcecode.c.objc; path = DTHTMLParser.m; sourceTree = "<group>"; };
		5F19D0E11623C57100F033A1 /* LICENSE */ = {isa = PBXFileReference; fileEncoding = 4; lastKnownFileType = text; path = LICENSE; sourceTree = "<group>"; };
		5F19D0E21623C57100F033A1 /* readme.markdown */ = {isa = PBXFileReference; fileEncoding = 4; lastKnownFileType = text; path = readme.markdown; sourceTree = "<group>"; };
		5F22BE581622A60900118B0E /* btn_person_item_on.png */ = {isa = PBXFileReference; lastKnownFileType = image.png; path = btn_person_item_on.png; sourceTree = "<group>"; };
		5F22BE591622A60900118B0E /* btn_person_item.png */ = {isa = PBXFileReference; lastKnownFileType = image.png; path = btn_person_item.png; sourceTree = "<group>"; };
		5F22BE5C1622A65300118B0E /* items.plist */ = {isa = PBXFileReference; fileEncoding = 4; lastKnownFileType = text.plist.xml; path = items.plist; sourceTree = "<group>"; };
		5F2885CB16154F9900AD76C8 /* MTTextFieldCursor.h */ = {isa = PBXFileReference; fileEncoding = 4; lastKnownFileType = sourcecode.c.h; path = MTTextFieldCursor.h; sourceTree = "<group>"; };
		5F2885CC16154F9900AD76C8 /* MTTextFieldCursor.m */ = {isa = PBXFileReference; fileEncoding = 4; lastKnownFileType = sourcecode.c.objc; path = MTTextFieldCursor.m; sourceTree = "<group>"; };
		5F2885DA1615A24F00AD76C8 /* MTTextObject.h */ = {isa = PBXFileReference; fileEncoding = 4; lastKnownFileType = sourcecode.c.h; path = MTTextObject.h; sourceTree = "<group>"; };
		5F2885DB1615A24F00AD76C8 /* MTTextObject.m */ = {isa = PBXFileReference; fileEncoding = 4; lastKnownFileType = sourcecode.c.objc; path = MTTextObject.m; sourceTree = "<group>"; };
		5FE2305E161428F000CF029D /* inputTest.app */ = {isa = PBXFileReference; explicitFileType = wrapper.application; includeInIndex = 0; path = inputTest.app; sourceTree = BUILT_PRODUCTS_DIR; };
		5FE23062161428F000CF029D /* UIKit.framework */ = {isa = PBXFileReference; lastKnownFileType = wrapper.framework; name = UIKit.framework; path = System/Library/Frameworks/UIKit.framework; sourceTree = SDKROOT; };
		5FE23064161428F000CF029D /* Foundation.framework */ = {isa = PBXFileReference; lastKnownFileType = wrapper.framework; name = Foundation.framework; path = System/Library/Frameworks/Foundation.framework; sourceTree = SDKROOT; };
		5FE23066161428F000CF029D /* CoreGraphics.framework */ = {isa = PBXFileReference; lastKnownFileType = wrapper.framework; name = CoreGraphics.framework; path = System/Library/Frameworks/CoreGraphics.framework; sourceTree = SDKROOT; };
		5FE2306A161428F000CF029D /* inputTest-Info.plist */ = {isa = PBXFileReference; lastKnownFileType = text.plist.xml; path = "inputTest-Info.plist"; sourceTree = "<group>"; };
		5FE2306C161428F000CF029D /* en */ = {isa = PBXFileReference; lastKnownFileType = text.plist.strings; name = en; path = en.lproj/InfoPlist.strings; sourceTree = "<group>"; };
		5FE2306E161428F000CF029D /* main.m */ = {isa = PBXFileReference; lastKnownFileType = sourcecode.c.objc; path = main.m; sourceTree = "<group>"; };
		5FE23070161428F000CF029D /* inputTest-Prefix.pch */ = {isa = PBXFileReference; lastKnownFileType = sourcecode.c.h; path = "inputTest-Prefix.pch"; sourceTree = "<group>"; };
		5FE23071161428F000CF029D /* AppDelegate.h */ = {isa = PBXFileReference; lastKnownFileType = sourcecode.c.h; path = AppDelegate.h; sourceTree = "<group>"; };
		5FE23072161428F000CF029D /* AppDelegate.m */ = {isa = PBXFileReference; lastKnownFileType = sourcecode.c.objc; path = AppDelegate.m; sourceTree = "<group>"; };
		5FE23074161428F000CF029D /* Default.png */ = {isa = PBXFileReference; lastKnownFileType = image.png; path = Default.png; sourceTree = "<group>"; };
		5FE23076161428F000CF029D /* Default@2x.png */ = {isa = PBXFileReference; lastKnownFileType = image.png; path = "Default@2x.png"; sourceTree = "<group>"; };
		5FE23078161428F000CF029D /* Default-568h@2x.png */ = {isa = PBXFileReference; lastKnownFileType = image.png; path = "Default-568h@2x.png"; sourceTree = "<group>"; };
		5FE2307A161428F000CF029D /* ViewController.h */ = {isa = PBXFileReference; lastKnownFileType = sourcecode.c.h; path = ViewController.h; sourceTree = "<group>"; };
		5FE2307B161428F000CF029D /* ViewController.m */ = {isa = PBXFileReference; lastKnownFileType = sourcecode.c.objc; path = ViewController.m; sourceTree = "<group>"; };
		5FE2307E161428F000CF029D /* en */ = {isa = PBXFileReference; lastKnownFileType = file.xib; name = en; path = en.lproj/ViewController.xib; sourceTree = "<group>"; };
		5FE231CA1614299900CF029D /* MTTextField.h */ = {isa = PBXFileReference; fileEncoding = 4; lastKnownFileType = sourcecode.c.h; path = MTTextField.h; sourceTree = "<group>"; };
		5FE231CB1614299900CF029D /* MTTextField.m */ = {isa = PBXFileReference; fileEncoding = 4; lastKnownFileType = sourcecode.c.objc; path = MTTextField.m; sourceTree = "<group>"; };
		5FE231D116143EAC00CF029D /* CoreText.framework */ = {isa = PBXFileReference; lastKnownFileType = wrapper.framework; name = CoreText.framework; path = System/Library/Frameworks/CoreText.framework; sourceTree = SDKROOT; };
		5FE231D616143F0300CF029D /* QuartzCore.framework */ = {isa = PBXFileReference; lastKnownFileType = wrapper.framework; name = QuartzCore.framework; path = System/Library/Frameworks/QuartzCore.framework; sourceTree = SDKROOT; };
		5FE231D816143F2D00CF029D /* ImageIO.framework */ = {isa = PBXFileReference; lastKnownFileType = wrapper.framework; name = ImageIO.framework; path = System/Library/Frameworks/ImageIO.framework; sourceTree = SDKROOT; };
		5FE231DA16143F6200CF029D /* libxml2.dylib */ = {isa = PBXFileReference; lastKnownFileType = "compiled.mach-o.dylib"; name = libxml2.dylib; path = usr/lib/libxml2.dylib; sourceTree = SDKROOT; };
/* End PBXFileReference section */

/* Begin PBXFrameworksBuildPhase section */
		5FE2305B161428F000CF029D /* Frameworks */ = {
			isa = PBXFrameworksBuildPhase;
			buildActionMask = 2147483647;
			files = (
				5FE231DB16143F6200CF029D /* libxml2.dylib in Frameworks */,
				5FE231D916143F2E00CF029D /* ImageIO.framework in Frameworks */,
				5FE231D716143F0300CF029D /* QuartzCore.framework in Frameworks */,
				5FE231D216143EAD00CF029D /* CoreText.framework in Frameworks */,
				5FE23063161428F000CF029D /* UIKit.framework in Frameworks */,
				5FE23065161428F000CF029D /* Foundation.framework in Frameworks */,
				5FE23067161428F000CF029D /* CoreGraphics.framework in Frameworks */,
			);
			runOnlyForDeploymentPostprocessing = 0;
		};
/* End PBXFrameworksBuildPhase section */

/* Begin PBXGroup section */
		5F19CEA41623C53100F033A1 /* DTCoreText */ = {
			isa = PBXGroup;
			children = (
				5F19CEA51623C53100F033A1 /* .gitignore */,
				5F19CEA61623C53100F033A1 /* Core */,
				5F19CF3E1623C53100F033A1 /* LICENSE */,
				5F19CF3F1623C53100F033A1 /* Readme.markdown */,
			);
			path = DTCoreText;
			sourceTree = "<group>";
		};
		5F19CEA61623C53100F033A1 /* Core */ = {
			isa = PBXGroup;
			children = (
				5F19CEA71623C53100F033A1 /* DTCoreText-Info.plist */,
				5F19CEA91623C53100F033A1 /* Source */,
			);
			path = Core;
			sourceTree = "<group>";
		};
		5F19CEA91623C53100F033A1 /* Source */ = {
			isa = PBXGroup;
			children = (
				5F19CEAA1623C53100F033A1 /* CGUtils.h */,
				5F19CEAB1623C53100F033A1 /* CGUtils.m */,
				5F19CEAC1623C53100F033A1 /* default.css */,
				5F19CEAD1623C53100F033A1 /* default.css.c */,
				5F19CEAE1623C53100F033A1 /* DTAttributedTextCell.h */,
				5F19CEAF1623C53100F033A1 /* DTAttributedTextCell.m */,
				5F19CEB01623C53100F033A1 /* DTAttributedTextContentView.h */,
				5F19CEB11623C53100F033A1 /* DTAttributedTextContentView.m */,
				5F19CEB21623C53100F033A1 /* DTAttributedTextView.h */,
				5F19CEB31623C53100F033A1 /* DTAttributedTextView.m */,
				5F19CEB41623C53100F033A1 /* DTColor+HTML.h */,
				5F19CEB51623C53100F033A1 /* DTColor+HTML.m */,
				5F19CEB61623C53100F033A1 /* DTCompatibility.h */,
				5F19CEB71623C53100F033A1 /* DTCoreText.h */,
				5F19CEB81623C53100F033A1 /* DTCoreTextConstants.h */,
				5F19CEB91623C53100F033A1 /* DTCoreTextConstants.m */,
				5F19CEBA1623C53100F033A1 /* DTCoreTextFontCollection.h */,
				5F19CEBB1623C53100F033A1 /* DTCoreTextFontCollection.m */,
				5F19CEBC1623C53100F033A1 /* DTCoreTextFontDescriptor.h */,
				5F19CEBD1623C53100F033A1 /* DTCoreTextFontDescriptor.m */,
				5F19CEBE1623C53100F033A1 /* DTCoreTextGlyphRun.h */,
				5F19CEBF1623C53100F033A1 /* DTCoreTextGlyphRun.m */,
				5F19CEC01623C53100F033A1 /* DTCoreTextLayouter.h */,
				5F19CEC11623C53100F033A1 /* DTCoreTextLayouter.m */,
				5F19CEC21623C53100F033A1 /* DTCoreTextLayoutFrame.h */,
				5F19CEC31623C53100F033A1 /* DTCoreTextLayoutFrame.m */,
				5F19CEC41623C53100F033A1 /* DTCoreTextLayoutLine.h */,
				5F19CEC51623C53100F033A1 /* DTCoreTextLayoutLine.m */,
				5F19CEC61623C53100F033A1 /* DTCoreTextParagraphStyle.h */,
				5F19CEC71623C53100F033A1 /* DTCoreTextParagraphStyle.m */,
				5F19CEC81623C53100F033A1 /* DTCSSListStyle.h */,
				5F19CEC91623C53100F033A1 /* DTCSSListStyle.m */,
				5F19CECA1623C53100F033A1 /* DTCSSStylesheet.h */,
				5F19CECB1623C53100F033A1 /* DTCSSStylesheet.m */,
				5F19CECC1623C53100F033A1 /* DTHTMLAttributedStringBuilder.h */,
				5F19CECD1623C53100F033A1 /* DTHTMLAttributedStringBuilder.m */,
				5F19CECE1623C53100F033A1 /* DTHTMLElement.h */,
				5F19CECF1623C53100F033A1 /* DTHTMLElement.m */,
				5F19CED21623C53100F033A1 /* DTImage+HTML.h */,
				5F19CED31623C53100F033A1 /* DTImage+HTML.m */,
				5F19CED41623C53100F033A1 /* DTLazyImageView.h */,
				5F19CED51623C53100F033A1 /* DTLazyImageView.m */,
				5F19CED61623C53100F033A1 /* DTLinkButton.h */,
				5F19CED71623C53100F033A1 /* DTLinkButton.m */,
				5F19CED81623C53100F033A1 /* DTTextAttachment.h */,
				5F19CED91623C53100F033A1 /* DTTextAttachment.m */,
				5F19CEDA1623C53100F033A1 /* DTTextBlock.h */,
				5F19CEDB1623C53100F033A1 /* DTTextBlock.m */,
				5F19CEDC1623C53100F033A1 /* DTWebVideoView.h */,
				5F19CEDD1623C53100F033A1 /* DTWebVideoView.m */,
				5F19CEDE1623C53100F033A1 /* NSAttributedString+DTCoreText.h */,
				5F19CEDF1623C53100F033A1 /* NSAttributedString+DTCoreText.m */,
				5F19CEE01623C53100F033A1 /* NSAttributedString+HTML.h */,
				5F19CEE11623C53100F033A1 /* NSAttributedString+HTML.m */,
				5F19CEE21623C53100F033A1 /* NSAttributedString+SmallCaps.h */,
				5F19CEE31623C53100F033A1 /* NSAttributedString+SmallCaps.m */,
				5F19CEE41623C53100F033A1 /* NSAttributedStringRunDelegates.h */,
				5F19CEE51623C53100F033A1 /* NSAttributedStringRunDelegates.m */,
				5F19CEE61623C53100F033A1 /* NSCharacterSet+HTML.h */,
				5F19CEE71623C53100F033A1 /* NSCharacterSet+HTML.m */,
				5F19CEE81623C53100F033A1 /* NSData+DTBase64.h */,
				5F19CEE91623C53100F033A1 /* NSData+DTBase64.m */,
				5F19CEEA1623C53100F033A1 /* NSMutableAttributedString+HTML.h */,
				5F19CEEB1623C53100F033A1 /* NSMutableAttributedString+HTML.m */,
				5F19CEEC1623C53100F033A1 /* NSMutableString+HTML.h */,
				5F19CEED1623C53100F033A1 /* NSMutableString+HTML.m */,
				5F19CEEE1623C53100F033A1 /* NSScanner+HTML.h */,
				5F19CEEF1623C53100F033A1 /* NSScanner+HTML.m */,
				5F19CEF01623C53100F033A1 /* NSString+CSS.h */,
				5F19CEF11623C53100F033A1 /* NSString+CSS.m */,
				5F19CEF21623C53100F033A1 /* NSString+HTML.h */,
				5F19CEF31623C53100F033A1 /* NSString+HTML.m */,
				5F19CEF41623C53100F033A1 /* NSString+Paragraphs.h */,
				5F19CEF51623C53100F033A1 /* NSString+Paragraphs.m */,
				5F19CEF61623C53100F033A1 /* NSString+UTF8Cleaner.h */,
				5F19CEF71623C53100F033A1 /* NSString+UTF8Cleaner.m */,
				5F19CEF81623C53100F033A1 /* UIDevice+DTSimpleVersion.h */,
				5F19CEF91623C53100F033A1 /* UIDevice+DTSimpleVersion.m */,
			);
			path = Source;
			sourceTree = "<group>";
		};
		5F19D07A1623C57100F033A1 /* DTFoundation */ = {
			isa = PBXGroup;
			children = (
				5F19D07B1623C57100F033A1 /* .gitignore */,
				5F19D07C1623C57100F033A1 /* Core */,
				5F19D0E11623C57100F033A1 /* LICENSE */,
				5F19D0E21623C57100F033A1 /* readme.markdown */,
			);
			path = DTFoundation;
			sourceTree = "<group>";
		};
		5F19D07C1623C57100F033A1 /* Core */ = {
			isa = PBXGroup;
			children = (
				5F19D07F1623C57100F033A1 /* DTFoundation.h */,
				5F19D0801623C57100F033A1 /* Source */,
			);
			path = Core;
			sourceTree = "<group>";
		};
		5F19D0801623C57100F033A1 /* Source */ = {
			isa = PBXGroup;
			children = (
				5F19D08F1623C57100F033A1 /* DTHTMLParser.h */,
				5F19D0901623C57100F033A1 /* DTHTMLParser.m */,
			);
			path = Source;
			sourceTree = "<group>";
		};
		5FE23053161428F000CF029D = {
			isa = PBXGroup;
			children = (
				5FE23068161428F000CF029D /* inputTest */,
				5FE23061161428F000CF029D /* Frameworks */,
				5FE2305F161428F000CF029D /* Products */,
			);
			sourceTree = "<group>";
		};
		5FE2305F161428F000CF029D /* Products */ = {
			isa = PBXGroup;
			children = (
				5FE2305E161428F000CF029D /* inputTest.app */,
			);
			name = Products;
			sourceTree = "<group>";
		};
		5FE23061161428F000CF029D /* Frameworks */ = {
			isa = PBXGroup;
			children = (
				5FE231DA16143F6200CF029D /* libxml2.dylib */,
				5FE231D816143F2D00CF029D /* ImageIO.framework */,
				5FE231D616143F0300CF029D /* QuartzCore.framework */,
				5FE231D116143EAC00CF029D /* CoreText.framework */,
				5FE23062161428F000CF029D /* UIKit.framework */,
				5FE23064161428F000CF029D /* Foundation.framework */,
				5FE23066161428F000CF029D /* CoreGraphics.framework */,
			);
			name = Frameworks;
			sourceTree = "<group>";
		};
		5FE23068161428F000CF029D /* inputTest */ = {
			isa = PBXGroup;
			children = (
				5F19D07A1623C57100F033A1 /* DTFoundation */,
				5F19CEA41623C53100F033A1 /* DTCoreText */,
				5F19CE9B1623C25100F033A1 /* LICENSE */,
				5F19CE9C1623C25100F033A1 /* README.md */,
				5F22BE581622A60900118B0E /* btn_person_item_on.png */,
				5F22BE591622A60900118B0E /* btn_person_item.png */,
				5FE23071161428F000CF029D /* AppDelegate.h */,
				5FE23072161428F000CF029D /* AppDelegate.m */,
				5FE2307A161428F000CF029D /* ViewController.h */,
				5FE2307B161428F000CF029D /* ViewController.m */,
				5FE2307D161428F000CF029D /* ViewController.xib */,
				5FE23069161428F000CF029D /* Supporting Files */,
				5FE231CA1614299900CF029D /* MTTextField.h */,
				5FE231CB1614299900CF029D /* MTTextField.m */,
				5F2885CB16154F9900AD76C8 /* MTTextFieldCursor.h */,
				5F2885CC16154F9900AD76C8 /* MTTextFieldCursor.m */,
				5F2885DA1615A24F00AD76C8 /* MTTextObject.h */,
				5F2885DB1615A24F00AD76C8 /* MTTextObject.m */,
			);
			path = inputTest;
			sourceTree = "<group>";
		};
		5FE23069161428F000CF029D /* Supporting Files */ = {
			isa = PBXGroup;
			children = (
				5FE2306A161428F000CF029D /* inputTest-Info.plist */,
				5FE2306B161428F000CF029D /* InfoPlist.strings */,
				5FE2306E161428F000CF029D /* main.m */,
				5FE23070161428F000CF029D /* inputTest-Prefix.pch */,
				5FE23074161428F000CF029D /* Default.png */,
				5FE23076161428F000CF029D /* Default@2x.png */,
				5FE23078161428F000CF029D /* Default-568h@2x.png */,
				5F22BE5C1622A65300118B0E /* items.plist */,
			);
			name = "Supporting Files";
			sourceTree = "<group>";
		};
/* End PBXGroup section */

/* Begin PBXNativeTarget section */
		5FE2305D161428F000CF029D /* inputTest */ = {
			isa = PBXNativeTarget;
			buildConfigurationList = 5FE23082161428F000CF029D /* Build configuration list for PBXNativeTarget "inputTest" */;
			buildPhases = (
				5FE2305A161428F000CF029D /* Sources */,
				5FE2305B161428F000CF029D /* Frameworks */,
				5FE2305C161428F000CF029D /* Resources */,
			);
			buildRules = (
			);
			dependencies = (
			);
			name = inputTest;
			productName = inputTest;
			productReference = 5FE2305E161428F000CF029D /* inputTest.app */;
			productType = "com.apple.product-type.application";
		};
/* End PBXNativeTarget section */

/* Begin PBXProject section */
		5FE23055161428F000CF029D /* Project object */ = {
			isa = PBXProject;
			attributes = {
				LastUpgradeCheck = 0450;
				ORGANIZATIONNAME = zrz;
			};
			buildConfigurationList = 5FE23058161428F000CF029D /* Build configuration list for PBXProject "inputTest" */;
			compatibilityVersion = "Xcode 3.2";
			developmentRegion = English;
			hasScannedForEncodings = 0;
			knownRegions = (
				en,
			);
			mainGroup = 5FE23053161428F000CF029D;
			productRefGroup = 5FE2305F161428F000CF029D /* Products */;
			projectDirPath = "";
			projectRoot = "";
			targets = (
				5FE2305D161428F000CF029D /* inputTest */,
			);
		};
/* End PBXProject section */

/* Begin PBXResourcesBuildPhase section */
		5FE2305C161428F000CF029D /* Resources */ = {
			isa = PBXResourcesBuildPhase;
			buildActionMask = 2147483647;
			files = (
				5FE2306D161428F000CF029D /* InfoPlist.strings in Resources */,
				5FE23075161428F000CF029D /* Default.png in Resources */,
				5FE23077161428F000CF029D /* Default@2x.png in Resources */,
				5FE23079161428F000CF029D /* Default-568h@2x.png in Resources */,
				5FE2307F161428F000CF029D /* ViewController.xib in Resources */,
				5F22BE5A1622A60900118B0E /* btn_person_item_on.png in Resources */,
				5F22BE5B1622A60900118B0E /* btn_person_item.png in Resources */,
				5F22BE5D1622A65300118B0E /* items.plist in Resources */,
				5F19CE9D1623C25100F033A1 /* LICENSE in Resources */,
				5F19CE9E1623C25100F033A1 /* README.md in Resources */,
				5F19CF441623C53200F033A1 /* .gitignore in Resources */,
				5F19CF451623C53200F033A1 /* DTCoreText-Info.plist in Resources */,
				5F19CF471623C53200F033A1 /* default.css in Resources */,
				5F19CF9E1623C53200F033A1 /* LICENSE in Resources */,
				5F19CF9F1623C53200F033A1 /* Readme.markdown in Resources */,
				5F19D0F21623C57100F033A1 /* .gitignore in Resources */,
				5F19D1211623C57100F033A1 /* LICENSE in Resources */,
				5F19D1221623C57100F033A1 /* readme.markdown in Resources */,
			);
			runOnlyForDeploymentPostprocessing = 0;
		};
/* End PBXResourcesBuildPhase section */

/* Begin PBXSourcesBuildPhase section */
		5FE2305A161428F000CF029D /* Sources */ = {
			isa = PBXSourcesBuildPhase;
			buildActionMask = 2147483647;
			files = (
				5FE2306F161428F000CF029D /* main.m in Sources */,
				5FE23073161428F000CF029D /* AppDelegate.m in Sources */,
				5FE2307C161428F000CF029D /* ViewController.m in Sources */,
				5FE231CC1614299900CF029D /* MTTextField.m in Sources */,
				5F2885CD16154F9900AD76C8 /* MTTextFieldCursor.m in Sources */,
				5F2885DC1615A24F00AD76C8 /* MTTextObject.m in Sources */,
				5F19CF461623C53200F033A1 /* CGUtils.m in Sources */,
				5F19CF481623C53200F033A1 /* default.css.c in Sources */,
				5F19CF491623C53200F033A1 /* DTAttributedTextCell.m in Sources */,
				5F19CF4A1623C53200F033A1 /* DTAttributedTextContentView.m in Sources */,
				5F19CF4B1623C53200F033A1 /* DTAttributedTextView.m in Sources */,
				5F19CF4C1623C53200F033A1 /* DTColor+HTML.m in Sources */,
				5F19CF4D1623C53200F033A1 /* DTCoreTextConstants.m in Sources */,
				5F19CF4E1623C53200F033A1 /* DTCoreTextFontCollection.m in Sources */,
				5F19CF4F1623C53200F033A1 /* DTCoreTextFontDescriptor.m in Sources */,
				5F19CF501623C53200F033A1 /* DTCoreTextGlyphRun.m in Sources */,
				5F19CF511623C53200F033A1 /* DTCoreTextLayouter.m in Sources */,
				5F19CF521623C53200F033A1 /* DTCoreTextLayoutFrame.m in Sources */,
				5F19CF531623C53200F033A1 /* DTCoreTextLayoutLine.m in Sources */,
				5F19CF541623C53200F033A1 /* DTCoreTextParagraphStyle.m in Sources */,
				5F19CF551623C53200F033A1 /* DTCSSListStyle.m in Sources */,
				5F19CF561623C53200F033A1 /* DTCSSStylesheet.m in Sources */,
				5F19CF571623C53200F033A1 /* DTHTMLAttributedStringBuilder.m in Sources */,
				5F19CF581623C53200F033A1 /* DTHTMLElement.m in Sources */,
				5F19CF5A1623C53200F033A1 /* DTImage+HTML.m in Sources */,
				5F19CF5B1623C53200F033A1 /* DTLazyImageView.m in Sources */,
				5F19CF5C1623C53200F033A1 /* DTLinkButton.m in Sources */,
				5F19CF5D1623C53200F033A1 /* DTTextAttachment.m in Sources */,
				5F19CF5E1623C53200F033A1 /* DTTextBlock.m in Sources */,
				5F19CF5F1623C53200F033A1 /* DTWebVideoView.m in Sources */,
				5F19CF601623C53200F033A1 /* NSAttributedString+DTCoreText.m in Sources */,
				5F19CF611623C53200F033A1 /* NSAttributedString+HTML.m in Sources */,
				5F19CF621623C53200F033A1 /* NSAttributedString+SmallCaps.m in Sources */,
				5F19CF631623C53200F033A1 /* NSAttributedStringRunDelegates.m in Sources */,
				5F19CF641623C53200F033A1 /* NSCharacterSet+HTML.m in Sources */,
				5F19CF651623C53200F033A1 /* NSData+DTBase64.m in Sources */,
				5F19CF661623C53200F033A1 /* NSMutableAttributedString+HTML.m in Sources */,
				5F19CF671623C53200F033A1 /* NSMutableString+HTML.m in Sources */,
				5F19CF681623C53200F033A1 /* NSScanner+HTML.m in Sources */,
				5F19CF691623C53200F033A1 /* NSString+CSS.m in Sources */,
				5F19CF6A1623C53200F033A1 /* NSString+HTML.m in Sources */,
				5F19CF6B1623C53200F033A1 /* NSString+Paragraphs.m in Sources */,
				5F19CF6C1623C53200F033A1 /* NSString+UTF8Cleaner.m in Sources */,
				5F19CF6D1623C53200F033A1 /* UIDevice+DTSimpleVersion.m in Sources */,
				5F19D0FB1623C57100F033A1 /* DTHTMLParser.m in Sources */,
			);
			runOnlyForDeploymentPostprocessing = 0;
		};
/* End PBXSourcesBuildPhase section */

/* Begin PBXVariantGroup section */
		5FE2306B161428F000CF029D /* InfoPlist.strings */ = {
			isa = PBXVariantGroup;
			children = (
				5FE2306C161428F000CF029D /* en */,
			);
			name = InfoPlist.strings;
			sourceTree = "<group>";
		};
		5FE2307D161428F000CF029D /* ViewController.xib */ = {
			isa = PBXVariantGroup;
			children = (
				5FE2307E161428F000CF029D /* en */,
			);
			name = ViewController.xib;
			sourceTree = "<group>";
		};
/* End PBXVariantGroup section */

/* Begin XCBuildConfiguration section */
		5FE23080161428F000CF029D /* Debug */ = {
			isa = XCBuildConfiguration;
			buildSettings = {
				ALWAYS_SEARCH_USER_PATHS = NO;
				CLANG_CXX_LANGUAGE_STANDARD = "gnu++0x";
				CLANG_CXX_LIBRARY = "libc++";
				CLANG_WARN_EMPTY_BODY = YES;
				CLANG_WARN__DUPLICATE_METHOD_MATCH = YES;
				"CODE_SIGN_IDENTITY[sdk=iphoneos*]" = "iPhone Developer";
				COPY_PHASE_STRIP = NO;
				GCC_C_LANGUAGE_STANDARD = gnu99;
				GCC_DYNAMIC_NO_PIC = NO;
				GCC_OPTIMIZATION_LEVEL = 0;
				GCC_PREPROCESSOR_DEFINITIONS = (
					"DEBUG=1",
					"$(inherited)",
				);
				GCC_SYMBOLS_PRIVATE_EXTERN = NO;
				GCC_WARN_ABOUT_RETURN_TYPE = YES;
				GCC_WARN_UNINITIALIZED_AUTOS = YES;
				GCC_WARN_UNUSED_VARIABLE = YES;
				IPHONEOS_DEPLOYMENT_TARGET = 6.0;
				SDKROOT = iphoneos;
			};
			name = Debug;
		};
		5FE23081161428F000CF029D /* Release */ = {
			isa = XCBuildConfiguration;
			buildSettings = {
				ALWAYS_SEARCH_USER_PATHS = NO;
				CLANG_CXX_LANGUAGE_STANDARD = "gnu++0x";
				CLANG_CXX_LIBRARY = "libc++";
				CLANG_WARN_EMPTY_BODY = YES;
				CLANG_WARN__DUPLICATE_METHOD_MATCH = YES;
				"CODE_SIGN_IDENTITY[sdk=iphoneos*]" = "iPhone Developer";
				COPY_PHASE_STRIP = YES;
				GCC_C_LANGUAGE_STANDARD = gnu99;
				GCC_WARN_ABOUT_RETURN_TYPE = YES;
				GCC_WARN_UNINITIALIZED_AUTOS = YES;
				GCC_WARN_UNUSED_VARIABLE = YES;
				IPHONEOS_DEPLOYMENT_TARGET = 6.0;
				OTHER_CFLAGS = "-DNS_BLOCK_ASSERTIONS=1";
				SDKROOT = iphoneos;
				VALIDATE_PRODUCT = YES;
			};
			name = Release;
		};
		5FE23083161428F000CF029D /* Debug */ = {
			isa = XCBuildConfiguration;
			buildSettings = {
				CLANG_ENABLE_OBJC_ARC = YES;
				GCC_PRECOMPILE_PREFIX_HEADER = YES;
				GCC_PREFIX_HEADER = "inputTest/inputTest-Prefix.pch";
				HEADER_SEARCH_PATHS = /usr/include/libxml2/;
				INFOPLIST_FILE = "inputTest/inputTest-Info.plist";
				IPHONEOS_DEPLOYMENT_TARGET = 4.3;
				PRODUCT_NAME = "$(TARGET_NAME)";
				WRAPPER_EXTENSION = app;
			};
			name = Debug;
		};
		5FE23084161428F000CF029D /* Release */ = {
			isa = XCBuildConfiguration;
			buildSettings = {
				CLANG_ENABLE_OBJC_ARC = YES;
				GCC_PRECOMPILE_PREFIX_HEADER = YES;
				GCC_PREFIX_HEADER = "inputTest/inputTest-Prefix.pch";
				HEADER_SEARCH_PATHS = /usr/include/libxml2/;
				INFOPLIST_FILE = "inputTest/inputTest-Info.plist";
				IPHONEOS_DEPLOYMENT_TARGET = 4.3;
				PRODUCT_NAME = "$(TARGET_NAME)";
				WRAPPER_EXTENSION = app;
			};
			name = Release;
		};
/* End XCBuildConfiguration section */

/* Begin XCConfigurationList section */
		5FE23058161428F000CF029D /* Build configuration list for PBXProject "inputTest" */ = {
			isa = XCConfigurationList;
			buildConfigurations = (
				5FE23080161428F000CF029D /* Debug */,
				5FE23081161428F000CF029D /* Release */,
			);
			defaultConfigurationIsVisible = 0;
			defaultConfigurationName = Release;
		};
		5FE23082161428F000CF029D /* Build configuration list for PBXNativeTarget "inputTest" */ = {
			isa = XCConfigurationList;
			buildConfigurations = (
				5FE23083161428F000CF029D /* Debug */,
				5FE23084161428F000CF029D /* Release */,
			);
			defaultConfigurationIsVisible = 0;
			defaultConfigurationName = Release;
		};
/* End XCConfigurationList section */
	};
	rootObject = 5FE23055161428F000CF029D /* Project object */;
}
